
Microsoft Visual Studio Solution File, Format Version 12.00
# Visual Studio Version 16
VisualStudioVersion = 16.0.30621.155
MinimumVisualStudioVersion = 10.0.40219.1
Project("{9A19103F-16F7-4668-BE54-9A1E7A4F7556}") = "CrmAzure", "CrmAzure.csproj", "{9B8FDD6C-CDC3-46EE-A615-387F7919FA44}"
EndProject
Global
	GlobalSection(SolutionConfigurationPlatforms) = preSolution
		Debug|Any CPU = Debug|Any CPU
		Release|Any CPU = Release|Any CPU
	EndGlobalSection
	GlobalSection(ProjectConfigurationPlatforms) = postSolution
		{9B8FDD6C-CDC3-46EE-A615-387F7919FA44}.Debug|Any CPU.ActiveCfg = Debug|Any CPU
		{9B8FDD6C-CDC3-46EE-A615-387F7919FA44}.Debug|Any CPU.Build.0 = Debug|Any CPU
		{9B8FDD6C-CDC3-46EE-A615-387F7919FA44}.Release|Any CPU.ActiveCfg = Release|Any CPU
		{9B8FDD6C-CDC3-46EE-A615-387F7919FA44}.Release|Any CPU.Build.0 = Release|Any CPU
	EndGlobalSection
	GlobalSection(SolutionProperties) = preSolution
		HideSolutionNode = FALSE
	EndGlobalSection
	GlobalSection(ExtensibilityGlobals) = postSolution
		SolutionGuid = {B7ED60C4-C742-488E-B127-90305BA9942B}
	EndGlobalSection
EndGlobal
